
Microsoft Visual Studio Solution File, Format Version 12.00
# Visual Studio Version 17
VisualStudioVersion = 17.12.35527.113
MinimumVisualStudioVersion = 10.0.40219.1
Project("{FAE04EC0-301F-11D3-BF4B-00C04F79EFBC}") = "SubathonManager.Server", "SubathonManager.Server\SubathonManager.Server.csproj", "{6B4F72B2-4DB9-4BE4-9BEF-31AD453C1F20}"
EndProject
Project("{FAE04EC0-301F-11D3-BF4B-00C04F79EFBC}") = "SubathonManager.Core", "SubathonManager.Core\SubathonManager.Core.csproj", "{303F5D9D-C445-4232-BD94-C110509FA34C}"
EndProject
Project("{FAE04EC0-301F-11D3-BF4B-00C04F79EFBC}") = "SubathonManager.Data", "SubathonManager.Data\SubathonManager.Data.csproj", "{CD70A16D-778E-4B39-B2E2-28393FC2EF72}"
EndProject
Project("{FAE04EC0-301F-11D3-BF4B-00C04F79EFBC}") = "SubathonManager.Integration", "SubathonManager.Integration\SubathonManager.Integration.csproj", "{9ABC3C19-E9C5-4D37-BAC2-0F0B202D4ECC}"
EndProject
Project("{FAE04EC0-301F-11D3-BF4B-00C04F79EFBC}") = "SubathonManager.Services", "SubathonManager.Services\SubathonManager.Services.csproj", "{736A0E78-9758-4E3B-AEE2-85BE7BC114A1}"
EndProject
Project("{FAE04EC0-301F-11D3-BF4B-00C04F79EFBC}") = "SubathonManager.Tests", "SubathonManager.Tests\SubathonManager.Tests.csproj", "{B2B12A03-3D8A-42AF-BA7B-26F30235B635}"
EndProject
Project("{FAE04EC0-301F-11D3-BF4B-00C04F79EFBC}") = "SubathonManager.UI", "SubathonManager.UI\SubathonManager.UI.csproj", "{049927EF-790D-414A-8D34-BEF516C5B087}"
EndProject
Global
	GlobalSection(SolutionConfigurationPlatforms) = preSolution
		Debug|Any CPU = Debug|Any CPU
		Debug|x64 = Debug|x64
		Debug|x86 = Debug|x86
		Release|Any CPU = Release|Any CPU
		Release|x64 = Release|x64
		Release|x86 = Release|x86
	EndGlobalSection
	GlobalSection(ProjectConfigurationPlatforms) = postSolution
		{6B4F72B2-4DB9-4BE4-9BEF-31AD453C1F20}.Debug|Any CPU.ActiveCfg = Debug|Any CPU
		{6B4F72B2-4DB9-4BE4-9BEF-31AD453C1F20}.Debug|Any CPU.Build.0 = Debug|Any CPU
		{6B4F72B2-4DB9-4BE4-9BEF-31AD453C1F20}.Debug|x64.ActiveCfg = Debug|Any CPU
		{6B4F72B2-4DB9-4BE4-9BEF-31AD453C1F20}.Debug|x64.Build.0 = Debug|Any CPU
		{6B4F72B2-4DB9-4BE4-9BEF-31AD453C1F20}.Debug|x86.ActiveCfg = Debug|Any CPU
		{6B4F72B2-4DB9-4BE4-9BEF-31AD453C1F20}.Debug|x86.Build.0 = Debug|Any CPU
		{6B4F72B2-4DB9-4BE4-9BEF-31AD453C1F20}.Release|Any CPU.ActiveCfg = Release|Any CPU
		{6B4F72B2-4DB9-4BE4-9BEF-31AD453C1F20}.Release|Any CPU.Build.0 = Release|Any CPU
		{6B4F72B2-4DB9-4BE4-9BEF-31AD453C1F20}.Release|x64.ActiveCfg = Release|Any CPU
		{6B4F72B2-4DB9-4BE4-9BEF-31AD453C1F20}.Release|x64.Build.0 = Release|Any CPU
		{6B4F72B2-4DB9-4BE4-9BEF-31AD453C1F20}.Release|x86.ActiveCfg = Release|Any CPU
		{6B4F72B2-4DB9-4BE4-9BEF-31AD453C1F20}.Release|x86.Build.0 = Release|Any CPU
		{303F5D9D-C445-4232-BD94-C110509FA34C}.Debug|Any CPU.ActiveCfg = Debug|Any CPU
		{303F5D9D-C445-4232-BD94-C110509FA34C}.Debug|Any CPU.Build.0 = Debug|Any CPU
		{303F5D9D-C445-4232-BD94-C110509FA34C}.Debug|x64.ActiveCfg = Debug|Any CPU
		{303F5D9D-C445-4232-BD94-C110509FA34C}.Debug|x64.Build.0 = Debug|Any CPU
		{303F5D9D-C445-4232-BD94-C110509FA34C}.Debug|x86.ActiveCfg = Debug|Any CPU
		{303F5D9D-C445-4232-BD94-C110509FA34C}.Debug|x86.Build.0 = Debug|Any CPU
		{303F5D9D-C445-4232-BD94-C110509FA34C}.Release|Any CPU.ActiveCfg = Release|Any CPU
		{303F5D9D-C445-4232-BD94-C110509FA34C}.Release|Any CPU.Build.0 = Release|Any CPU
		{303F5D9D-C445-4232-BD94-C110509FA34C}.Release|x64.ActiveCfg = Release|Any CPU
		{303F5D9D-C445-4232-BD94-C110509FA34C}.Release|x64.Build.0 = Release|Any CPU
		{303F5D9D-C445-4232-BD94-C110509FA34C}.Release|x86.ActiveCfg = Release|Any CPU
		{303F5D9D-C445-4232-BD94-C110509FA34C}.Release|x86.Build.0 = Release|Any CPU
		{CD70A16D-778E-4B39-B2E2-28393FC2EF72}.Debug|Any CPU.ActiveCfg = Debug|Any CPU
		{CD70A16D-778E-4B39-B2E2-28393FC2EF72}.Debug|Any CPU.Build.0 = Debug|Any CPU
		{CD70A16D-778E-4B39-B2E2-28393FC2EF72}.Debug|x64.ActiveCfg = Debug|Any CPU
		{CD70A16D-778E-4B39-B2E2-28393FC2EF72}.Debug|x64.Build.0 = Debug|Any CPU
		{CD70A16D-778E-4B39-B2E2-28393FC2EF72}.Debug|x86.ActiveCfg = Debug|Any CPU
		{CD70A16D-778E-4B39-B2E2-28393FC2EF72}.Debug|x86.Build.0 = Debug|Any CPU
		{CD70A16D-778E-4B39-B2E2-28393FC2EF72}.Release|Any CPU.ActiveCfg = Release|Any CPU
		{CD70A16D-778E-4B39-B2E2-28393FC2EF72}.Release|Any CPU.Build.0 = Release|Any CPU
		{CD70A16D-778E-4B39-B2E2-28393FC2EF72}.Release|x64.ActiveCfg = Release|Any CPU
		{CD70A16D-778E-4B39-B2E2-28393FC2EF72}.Release|x64.Build.0 = Release|Any CPU
		{CD70A16D-778E-4B39-B2E2-28393FC2EF72}.Release|x86.ActiveCfg = Release|Any CPU
		{CD70A16D-778E-4B39-B2E2-28393FC2EF72}.Release|x86.Build.0 = Release|Any CPU
		{9ABC3C19-E9C5-4D37-BAC2-0F0B202D4ECC}.Debug|Any CPU.ActiveCfg = Debug|Any CPU
		{9ABC3C19-E9C5-4D37-BAC2-0F0B202D4ECC}.Debug|Any CPU.Build.0 = Debug|Any CPU
		{9ABC3C19-E9C5-4D37-BAC2-0F0B202D4ECC}.Debug|x64.ActiveCfg = Debug|Any CPU
		{9ABC3C19-E9C5-4D37-BAC2-0F0B202D4ECC}.Debug|x64.Build.0 = Debug|Any CPU
		{9ABC3C19-E9C5-4D37-BAC2-0F0B202D4ECC}.Debug|x86.ActiveCfg = Debug|Any CPU
		{9ABC3C19-E9C5-4D37-BAC2-0F0B202D4ECC}.Debug|x86.Build.0 = Debug|Any CPU
		{9ABC3C19-E9C5-4D37-BAC2-0F0B202D4ECC}.Release|Any CPU.ActiveCfg = Release|Any CPU
		{9ABC3C19-E9C5-4D37-BAC2-0F0B202D4ECC}.Release|Any CPU.Build.0 = Release|Any CPU
		{9ABC3C19-E9C5-4D37-BAC2-0F0B202D4ECC}.Release|x64.ActiveCfg = Release|Any CPU
		{9ABC3C19-E9C5-4D37-BAC2-0F0B202D4ECC}.Release|x64.Build.0 = Release|Any CPU
		{9ABC3C19-E9C5-4D37-BAC2-0F0B202D4ECC}.Release|x86.ActiveCfg = Release|Any CPU
		{9ABC3C19-E9C5-4D37-BAC2-0F0B202D4ECC}.Release|x86.Build.0 = Release|Any CPU
		{736A0E78-9758-4E3B-AEE2-85BE7BC114A1}.Debug|Any CPU.ActiveCfg = Debug|Any CPU
		{736A0E78-9758-4E3B-AEE2-85BE7BC114A1}.Debug|Any CPU.Build.0 = Debug|Any CPU
		{736A0E78-9758-4E3B-AEE2-85BE7BC114A1}.Debug|x64.ActiveCfg = Debug|Any CPU
		{736A0E78-9758-4E3B-AEE2-85BE7BC114A1}.Debug|x64.Build.0 = Debug|Any CPU
		{736A0E78-9758-4E3B-AEE2-85BE7BC114A1}.Debug|x86.ActiveCfg = Debug|Any CPU
		{736A0E78-9758-4E3B-AEE2-85BE7BC114A1}.Debug|x86.Build.0 = Debug|Any CPU
		{736A0E78-9758-4E3B-AEE2-85BE7BC114A1}.Release|Any CPU.ActiveCfg = Release|Any CPU
		{736A0E78-9758-4E3B-AEE2-85BE7BC114A1}.Release|Any CPU.Build.0 = Release|Any CPU
		{736A0E78-9758-4E3B-AEE2-85BE7BC114A1}.Release|x64.ActiveCfg = Release|Any CPU
		{736A0E78-9758-4E3B-AEE2-85BE7BC114A1}.Release|x64.Build.0 = Release|Any CPU
		{736A0E78-9758-4E3B-AEE2-85BE7BC114A1}.Release|x86.ActiveCfg = Release|Any CPU
		{736A0E78-9758-4E3B-AEE2-85BE7BC114A1}.Release|x86.Build.0 = Release|Any CPU
		{B2B12A03-3D8A-42AF-BA7B-26F30235B635}.Debug|Any CPU.ActiveCfg = Debug|Any CPU
		{B2B12A03-3D8A-42AF-BA7B-26F30235B635}.Debug|Any CPU.Build.0 = Debug|Any CPU
		{B2B12A03-3D8A-42AF-BA7B-26F30235B635}.Debug|x64.ActiveCfg = Debug|Any CPU
		{B2B12A03-3D8A-42AF-BA7B-26F30235B635}.Debug|x64.Build.0 = Debug|Any CPU
		{B2B12A03-3D8A-42AF-BA7B-26F30235B635}.Debug|x86.ActiveCfg = Debug|Any CPU
		{B2B12A03-3D8A-42AF-BA7B-26F30235B635}.Debug|x86.Build.0 = Debug|Any CPU
		{B2B12A03-3D8A-42AF-BA7B-26F30235B635}.Release|Any CPU.ActiveCfg = Release|Any CPU
		{B2B12A03-3D8A-42AF-BA7B-26F30235B635}.Release|Any CPU.Build.0 = Release|Any CPU
		{B2B12A03-3D8A-42AF-BA7B-26F30235B635}.Release|x64.ActiveCfg = Release|Any CPU
		{B2B12A03-3D8A-42AF-BA7B-26F30235B635}.Release|x64.Build.0 = Release|Any CPU
		{B2B12A03-3D8A-42AF-BA7B-26F30235B635}.Release|x86.ActiveCfg = Release|Any CPU
		{B2B12A03-3D8A-42AF-BA7B-26F30235B635}.Release|x86.Build.0 = Release|Any CPU
		{049927EF-790D-414A-8D34-BEF516C5B087}.Debug|Any CPU.ActiveCfg = Debug|Any CPU
		{049927EF-790D-414A-8D34-BEF516C5B087}.Debug|Any CPU.Build.0 = Debug|Any CPU
		{049927EF-790D-414A-8D34-BEF516C5B087}.Debug|x64.ActiveCfg = Debug|Any CPU
		{049927EF-790D-414A-8D34-BEF516C5B087}.Debug|x64.Build.0 = Debug|Any CPU
		{049927EF-790D-414A-8D34-BEF516C5B087}.Debug|x86.ActiveCfg = Debug|Any CPU
		{049927EF-790D-414A-8D34-BEF516C5B087}.Debug|x86.Build.0 = Debug|Any CPU
		{049927EF-790D-414A-8D34-BEF516C5B087}.Release|Any CPU.ActiveCfg = Release|Any CPU
		{049927EF-790D-414A-8D34-BEF516C5B087}.Release|Any CPU.Build.0 = Release|Any CPU
		{049927EF-790D-414A-8D34-BEF516C5B087}.Release|x64.ActiveCfg = Release|Any CPU
		{049927EF-790D-414A-8D34-BEF516C5B087}.Release|x64.Build.0 = Release|Any CPU
		{049927EF-790D-414A-8D34-BEF516C5B087}.Release|x86.ActiveCfg = Release|Any CPU
		{049927EF-790D-414A-8D34-BEF516C5B087}.Release|x86.Build.0 = Release|Any CPU
	EndGlobalSection
	GlobalSection(SolutionProperties) = preSolution
		HideSolutionNode = FALSE
	EndGlobalSection
	GlobalSection(ExtensibilityGlobals) = postSolution
		SolutionGuid = {B239A960-D763-4469-BCA8-73002A57A8A5}
	EndGlobalSection
EndGlobal
